
Microsoft Visual Studio Solution File, Format Version 12.00
# Visual Studio Version 17
VisualStudioVersion = 17.10.35122.118
MinimumVisualStudioVersion = 10.0.40219.1
Project("{9A19103F-16F7-4668-BE54-9A1E7A4F7556}") = "CodeStorageMVC", "CodeStorageMVC.csproj", "{38B9FBB5-85EF-4029-8679-46786DD3AB4F}"
EndProject
Global
	GlobalSection(SolutionConfigurationPlatforms) = preSolution
		Debug|Any CPU = Debug|Any CPU
		Release|Any CPU = Release|Any CPU
	EndGlobalSection
	GlobalSection(ProjectConfigurationPlatforms) = postSolution
		{38B9FBB5-85EF-4029-8679-46786DD3AB4F}.Debug|Any CPU.ActiveCfg = Debug|Any CPU
		{38B9FBB5-85EF-4029-8679-46786DD3AB4F}.Debug|Any CPU.Build.0 = Debug|Any CPU
		{38B9FBB5-85EF-4029-8679-46786DD3AB4F}.Release|Any CPU.ActiveCfg = Release|Any CPU
		{38B9FBB5-85EF-4029-8679-46786DD3AB4F}.Release|Any CPU.Build.0 = Release|Any CPU
	EndGlobalSection
	GlobalSection(SolutionProperties) = preSolution
		HideSolutionNode = FALSE
	EndGlobalSection
	GlobalSection(ExtensibilityGlobals) = postSolution
		SolutionGuid = {4C5B6C9A-2998-41F4-9DEF-FE07DDE33E5F}
	EndGlobalSection
EndGlobal
